// !$*UTF8*$!
{
	archiveVersion = 1;
	classes = {
	};
	objectVersion = 56;
	objects = {

/* Begin PBXBuildFile section */
		A1EF9E5F2A02562000A56E4C /* MC2_LESSERAFIM_App.swift in Sources */ = {isa = PBXBuildFile; fileRef = A1EF9E5E2A02562000A56E4C /* MC2_LESSERAFIM_App.swift */; };
		A1EF9E612A02562000A56E4C /* ContentView.swift in Sources */ = {isa = PBXBuildFile; fileRef = A1EF9E602A02562000A56E4C /* ContentView.swift */; };
		A1EF9E632A02562100A56E4C /* Assets.xcassets in Resources */ = {isa = PBXBuildFile; fileRef = A1EF9E622A02562100A56E4C /* Assets.xcassets */; };
		A1EF9E662A02562100A56E4C /* Preview Assets.xcassets in Resources */ = {isa = PBXBuildFile; fileRef = A1EF9E652A02562100A56E4C /* Preview Assets.xcassets */; };
		A1EF9E702A02562100A56E4C /* MC2_LESSERAFIM_Tests.swift in Sources */ = {isa = PBXBuildFile; fileRef = A1EF9E6F2A02562100A56E4C /* MC2_LESSERAFIM_Tests.swift */; };
		A1EF9E7A2A02562100A56E4C /* MC2_LESSERAFIM_UITests.swift in Sources */ = {isa = PBXBuildFile; fileRef = A1EF9E792A02562100A56E4C /* MC2_LESSERAFIM_UITests.swift */; };
		A1EF9E7C2A02562100A56E4C /* MC2_LESSERAFIM_UITestsLaunchTests.swift in Sources */ = {isa = PBXBuildFile; fileRef = A1EF9E7B2A02562100A56E4C /* MC2_LESSERAFIM_UITestsLaunchTests.swift */; };
		D22690132A06A50B00BCF668 /* ChallengeScreen.swift in Sources */ = {isa = PBXBuildFile; fileRef = D22690122A06A50B00BCF668 /* ChallengeScreen.swift */; };
		D22690152A06A51800BCF668 /* ProfileScreen.swift in Sources */ = {isa = PBXBuildFile; fileRef = D22690142A06A51800BCF668 /* ProfileScreen.swift */; };
		D2A4776E2A0890EE0055B95E /* DataModel.swift in Sources */ = {isa = PBXBuildFile; fileRef = D2A4776D2A0890EE0055B95E /* DataModel.swift */; };
		D2A477712A089EEE0055B95E /* UserDataView.swift in Sources */ = {isa = PBXBuildFile; fileRef = D2A477702A089EEE0055B95E /* UserDataView.swift */; };
/* End PBXBuildFile section */

/* Begin PBXContainerItemProxy section */
		A1EF9E6C2A02562100A56E4C /* PBXContainerItemProxy */ = {
			isa = PBXContainerItemProxy;
			containerPortal = A1EF9E532A02562000A56E4C /* Project object */;
			proxyType = 1;
			remoteGlobalIDString = A1EF9E5A2A02562000A56E4C;
			remoteInfo = "MC2-LESSERAFIM 2";
		};
		A1EF9E762A02562100A56E4C /* PBXContainerItemProxy */ = {
			isa = PBXContainerItemProxy;
			containerPortal = A1EF9E532A02562000A56E4C /* Project object */;
			proxyType = 1;
			remoteGlobalIDString = A1EF9E5A2A02562000A56E4C;
			remoteInfo = "MC2-LESSERAFIM 2";
		};
/* End PBXContainerItemProxy section */

/* Begin PBXFileReference section */
		A1EF9E5B2A02562000A56E4C /* MC2-LESSERAFIM.app */ = {isa = PBXFileReference; explicitFileType = wrapper.application; includeInIndex = 0; path = "MC2-LESSERAFIM.app"; sourceTree = BUILT_PRODUCTS_DIR; };
		A1EF9E5E2A02562000A56E4C /* MC2_LESSERAFIM_App.swift */ = {isa = PBXFileReference; lastKnownFileType = sourcecode.swift; path = MC2_LESSERAFIM_App.swift; sourceTree = "<group>"; };
		A1EF9E602A02562000A56E4C /* ContentView.swift */ = {isa = PBXFileReference; lastKnownFileType = sourcecode.swift; path = ContentView.swift; sourceTree = "<group>"; };
		A1EF9E622A02562100A56E4C /* Assets.xcassets */ = {isa = PBXFileReference; lastKnownFileType = folder.assetcatalog; path = Assets.xcassets; sourceTree = "<group>"; };
		A1EF9E652A02562100A56E4C /* Preview Assets.xcassets */ = {isa = PBXFileReference; lastKnownFileType = folder.assetcatalog; path = "Preview Assets.xcassets"; sourceTree = "<group>"; };
		A1EF9E6B2A02562100A56E4C /* MC2-LESSERAFIMTests.xctest */ = {isa = PBXFileReference; explicitFileType = wrapper.cfbundle; includeInIndex = 0; path = "MC2-LESSERAFIMTests.xctest"; sourceTree = BUILT_PRODUCTS_DIR; };
		A1EF9E6F2A02562100A56E4C /* MC2_LESSERAFIM_Tests.swift */ = {isa = PBXFileReference; lastKnownFileType = sourcecode.swift; path = MC2_LESSERAFIM_Tests.swift; sourceTree = "<group>"; };
		A1EF9E752A02562100A56E4C /* MC2-LESSERAFIMUITests.xctest */ = {isa = PBXFileReference; explicitFileType = wrapper.cfbundle; includeInIndex = 0; path = "MC2-LESSERAFIMUITests.xctest"; sourceTree = BUILT_PRODUCTS_DIR; };
		A1EF9E792A02562100A56E4C /* MC2_LESSERAFIM_UITests.swift */ = {isa = PBXFileReference; lastKnownFileType = sourcecode.swift; path = MC2_LESSERAFIM_UITests.swift; sourceTree = "<group>"; };
		A1EF9E7B2A02562100A56E4C /* MC2_LESSERAFIM_UITestsLaunchTests.swift */ = {isa = PBXFileReference; lastKnownFileType = sourcecode.swift; path = MC2_LESSERAFIM_UITestsLaunchTests.swift; sourceTree = "<group>"; };
		D22690122A06A50B00BCF668 /* ChallengeScreen.swift */ = {isa = PBXFileReference; lastKnownFileType = sourcecode.swift; path = ChallengeScreen.swift; sourceTree = "<group>"; };
		D22690142A06A51800BCF668 /* ProfileScreen.swift */ = {isa = PBXFileReference; lastKnownFileType = sourcecode.swift; path = ProfileScreen.swift; sourceTree = "<group>"; };
		D2A4776D2A0890EE0055B95E /* DataModel.swift */ = {isa = PBXFileReference; lastKnownFileType = sourcecode.swift; path = DataModel.swift; sourceTree = "<group>"; };
		D2A477702A089EEE0055B95E /* UserDataView.swift */ = {isa = PBXFileReference; lastKnownFileType = sourcecode.swift; path = UserDataView.swift; sourceTree = "<group>"; };
/* End PBXFileReference section */

/* Begin PBXFrameworksBuildPhase section */
		A1EF9E582A02562000A56E4C /* Frameworks */ = {
			isa = PBXFrameworksBuildPhase;
			buildActionMask = 2147483647;
			files = (
			);
			runOnlyForDeploymentPostprocessing = 0;
		};
		A1EF9E682A02562100A56E4C /* Frameworks */ = {
			isa = PBXFrameworksBuildPhase;
			buildActionMask = 2147483647;
			files = (
			);
			runOnlyForDeploymentPostprocessing = 0;
		};
		A1EF9E722A02562100A56E4C /* Frameworks */ = {
			isa = PBXFrameworksBuildPhase;
			buildActionMask = 2147483647;
			files = (
			);
			runOnlyForDeploymentPostprocessing = 0;
		};
/* End PBXFrameworksBuildPhase section */

/* Begin PBXGroup section */
		A1EF9E522A02562000A56E4C = {
			isa = PBXGroup;
			children = (
				A1EF9E5D2A02562000A56E4C /* MC2-LESSERAFIM */,
				A1EF9E6E2A02562100A56E4C /* MC2-LESSERAFIM Tests */,
				A1EF9E782A02562100A56E4C /* MC2-LESSERAFIM UITests */,
				A1EF9E5C2A02562000A56E4C /* Products */,
			);
			sourceTree = "<group>";
		};
		A1EF9E5C2A02562000A56E4C /* Products */ = {
			isa = PBXGroup;
			children = (
				A1EF9E5B2A02562000A56E4C /* MC2-LESSERAFIM.app */,
				A1EF9E6B2A02562100A56E4C /* MC2-LESSERAFIMTests.xctest */,
				A1EF9E752A02562100A56E4C /* MC2-LESSERAFIMUITests.xctest */,
			);
			name = Products;
			sourceTree = "<group>";
		};
		A1EF9E5D2A02562000A56E4C /* MC2-LESSERAFIM */ = {
			isa = PBXGroup;
			children = (
				D2A477702A089EEE0055B95E /* UserDataView.swift */,
				A1EF9E5E2A02562000A56E4C /* MC2_LESSERAFIM_App.swift */,
				A1EF9E602A02562000A56E4C /* ContentView.swift */,
				A1EF9E622A02562100A56E4C /* Assets.xcassets */,
				A1EF9E642A02562100A56E4C /* Preview Content */,
				D22690122A06A50B00BCF668 /* ChallengeScreen.swift */,
				D22690142A06A51800BCF668 /* ProfileScreen.swift */,
				D2A4776D2A0890EE0055B95E /* DataModel.swift */,
			);
			path = "MC2-LESSERAFIM";
			sourceTree = "<group>";
		};
		A1EF9E642A02562100A56E4C /* Preview Content */ = {
			isa = PBXGroup;
			children = (
				A1EF9E652A02562100A56E4C /* Preview Assets.xcassets */,
			);
			path = "Preview Content";
			sourceTree = "<group>";
		};
		A1EF9E6E2A02562100A56E4C /* MC2-LESSERAFIM Tests */ = {
			isa = PBXGroup;
			children = (
				A1EF9E6F2A02562100A56E4C /* MC2_LESSERAFIM_Tests.swift */,
			);
			path = "MC2-LESSERAFIM Tests";
			sourceTree = "<group>";
		};
		A1EF9E782A02562100A56E4C /* MC2-LESSERAFIM UITests */ = {
			isa = PBXGroup;
			children = (
				A1EF9E792A02562100A56E4C /* MC2_LESSERAFIM_UITests.swift */,
				A1EF9E7B2A02562100A56E4C /* MC2_LESSERAFIM_UITestsLaunchTests.swift */,
			);
			path = "MC2-LESSERAFIM UITests";
			sourceTree = "<group>";
		};
/* End PBXGroup section */

/* Begin PBXNativeTarget section */
		A1EF9E5A2A02562000A56E4C /* MC2-LESSERAFIM */ = {
			isa = PBXNativeTarget;
			buildConfigurationList = A1EF9E7F2A02562100A56E4C /* Build configuration list for PBXNativeTarget "MC2-LESSERAFIM" */;
			buildPhases = (
				A1EF9E572A02562000A56E4C /* Sources */,
				A1EF9E582A02562000A56E4C /* Frameworks */,
				A1EF9E592A02562000A56E4C /* Resources */,
			);
			buildRules = (
			);
			dependencies = (
			);
			name = "MC2-LESSERAFIM";
			productName = "MC2-LESSERAFIM 2";
			productReference = A1EF9E5B2A02562000A56E4C /* MC2-LESSERAFIM.app */;
			productType = "com.apple.product-type.application";
		};
		A1EF9E6A2A02562100A56E4C /* MC2-LESSERAFIMTests */ = {
			isa = PBXNativeTarget;
			buildConfigurationList = A1EF9E822A02562100A56E4C /* Build configuration list for PBXNativeTarget "MC2-LESSERAFIMTests" */;
			buildPhases = (
				A1EF9E672A02562100A56E4C /* Sources */,
				A1EF9E682A02562100A56E4C /* Frameworks */,
				A1EF9E692A02562100A56E4C /* Resources */,
			);
			buildRules = (
			);
			dependencies = (
				A1EF9E6D2A02562100A56E4C /* PBXTargetDependency */,
			);
			name = "MC2-LESSERAFIMTests";
			productName = "MC2-LESSERAFIM 2Tests";
			productReference = A1EF9E6B2A02562100A56E4C /* MC2-LESSERAFIMTests.xctest */;
			productType = "com.apple.product-type.bundle.unit-test";
		};
		A1EF9E742A02562100A56E4C /* MC2-LESSERAFIMUITests */ = {
			isa = PBXNativeTarget;
			buildConfigurationList = A1EF9E852A02562100A56E4C /* Build configuration list for PBXNativeTarget "MC2-LESSERAFIMUITests" */;
			buildPhases = (
				A1EF9E712A02562100A56E4C /* Sources */,
				A1EF9E722A02562100A56E4C /* Frameworks */,
				A1EF9E732A02562100A56E4C /* Resources */,
			);
			buildRules = (
			);
			dependencies = (
				A1EF9E772A02562100A56E4C /* PBXTargetDependency */,
			);
			name = "MC2-LESSERAFIMUITests";
			productName = "MC2-LESSERAFIM 2UITests";
			productReference = A1EF9E752A02562100A56E4C /* MC2-LESSERAFIMUITests.xctest */;
			productType = "com.apple.product-type.bundle.ui-testing";
		};
/* End PBXNativeTarget section */

/* Begin PBXProject section */
		A1EF9E532A02562000A56E4C /* Project object */ = {
			isa = PBXProject;
			attributes = {
				BuildIndependentTargetsInParallel = 1;
				LastSwiftUpdateCheck = 1430;
				LastUpgradeCheck = 1430;
				TargetAttributes = {
					A1EF9E5A2A02562000A56E4C = {
						CreatedOnToolsVersion = 14.3;
					};
					A1EF9E6A2A02562100A56E4C = {
						CreatedOnToolsVersion = 14.3;
						TestTargetID = A1EF9E5A2A02562000A56E4C;
					};
					A1EF9E742A02562100A56E4C = {
						CreatedOnToolsVersion = 14.3;
						TestTargetID = A1EF9E5A2A02562000A56E4C;
					};
				};
			};
			buildConfigurationList = A1EF9E562A02562000A56E4C /* Build configuration list for PBXProject "MC2-LESSERAFIM" */;
			compatibilityVersion = "Xcode 14.0";
			developmentRegion = en;
			hasScannedForEncodings = 0;
			knownRegions = (
				en,
				Base,
			);
			mainGroup = A1EF9E522A02562000A56E4C;
			productRefGroup = A1EF9E5C2A02562000A56E4C /* Products */;
			projectDirPath = "";
			projectRoot = "";
			targets = (
				A1EF9E5A2A02562000A56E4C /* MC2-LESSERAFIM */,
				A1EF9E6A2A02562100A56E4C /* MC2-LESSERAFIMTests */,
				A1EF9E742A02562100A56E4C /* MC2-LESSERAFIMUITests */,
			);
		};
/* End PBXProject section */

/* Begin PBXResourcesBuildPhase section */
		A1EF9E592A02562000A56E4C /* Resources */ = {
			isa = PBXResourcesBuildPhase;
			buildActionMask = 2147483647;
			files = (
				A1EF9E662A02562100A56E4C /* Preview Assets.xcassets in Resources */,
				A1EF9E632A02562100A56E4C /* Assets.xcassets in Resources */,
			);
			runOnlyForDeploymentPostprocessing = 0;
		};
		A1EF9E692A02562100A56E4C /* Resources */ = {
			isa = PBXResourcesBuildPhase;
			buildActionMask = 2147483647;
			files = (
			);
			runOnlyForDeploymentPostprocessing = 0;
		};
		A1EF9E732A02562100A56E4C /* Resources */ = {
			isa = PBXResourcesBuildPhase;
			buildActionMask = 2147483647;
			files = (
			);
			runOnlyForDeploymentPostprocessing = 0;
		};
/* End PBXResourcesBuildPhase section */

/* Begin PBXSourcesBuildPhase section */
		A1EF9E572A02562000A56E4C /* Sources */ = {
			isa = PBXSourcesBuildPhase;
			buildActionMask = 2147483647;
			files = (
				D2A4776E2A0890EE0055B95E /* DataModel.swift in Sources */,
				A1EF9E612A02562000A56E4C /* ContentView.swift in Sources */,
				D22690132A06A50B00BCF668 /* ChallengeScreen.swift in Sources */,
				A1EF9E5F2A02562000A56E4C /* MC2_LESSERAFIM_App.swift in Sources */,
				D22690152A06A51800BCF668 /* ProfileScreen.swift in Sources */,
				D2A477712A089EEE0055B95E /* UserDataView.swift in Sources */,
			);
			runOnlyForDeploymentPostprocessing = 0;
		};
		A1EF9E672A02562100A56E4C /* Sources */ = {
			isa = PBXSourcesBuildPhase;
			buildActionMask = 2147483647;
			files = (
				A1EF9E702A02562100A56E4C /* MC2_LESSERAFIM_Tests.swift in Sources */,
			);
			runOnlyForDeploymentPostprocessing = 0;
		};
		A1EF9E712A02562100A56E4C /* Sources */ = {
			isa = PBXSourcesBuildPhase;
			buildActionMask = 2147483647;
			files = (
				A1EF9E7A2A02562100A56E4C /* MC2_LESSERAFIM_UITests.swift in Sources */,
				A1EF9E7C2A02562100A56E4C /* MC2_LESSERAFIM_UITestsLaunchTests.swift in Sources */,
			);
			runOnlyForDeploymentPostprocessing = 0;
		};
/* End PBXSourcesBuildPhase section */

/* Begin PBXTargetDependency section */
		A1EF9E6D2A02562100A56E4C /* PBXTargetDependency */ = {
			isa = PBXTargetDependency;
			target = A1EF9E5A2A02562000A56E4C /* MC2-LESSERAFIM */;
			targetProxy = A1EF9E6C2A02562100A56E4C /* PBXContainerItemProxy */;
		};
		A1EF9E772A02562100A56E4C /* PBXTargetDependency */ = {
			isa = PBXTargetDependency;
			target = A1EF9E5A2A02562000A56E4C /* MC2-LESSERAFIM */;
			targetProxy = A1EF9E762A02562100A56E4C /* PBXContainerItemProxy */;
		};
/* End PBXTargetDependency section */

/* Begin XCBuildConfiguration section */
		A1EF9E7D2A02562100A56E4C /* Debug */ = {
			isa = XCBuildConfiguration;
			buildSettings = {
				ALWAYS_SEARCH_USER_PATHS = NO;
				CLANG_ANALYZER_NONNULL = YES;
				CLANG_ANALYZER_NUMBER_OBJECT_CONVERSION = YES_AGGRESSIVE;
				CLANG_CXX_LANGUAGE_STANDARD = "gnu++20";
				CLANG_ENABLE_MODULES = YES;
				CLANG_ENABLE_OBJC_ARC = YES;
				CLANG_ENABLE_OBJC_WEAK = YES;
				CLANG_WARN_BLOCK_CAPTURE_AUTORELEASING = YES;
				CLANG_WARN_BOOL_CONVERSION = YES;
				CLANG_WARN_COMMA = YES;
				CLANG_WARN_CONSTANT_CONVERSION = YES;
				CLANG_WARN_DEPRECATED_OBJC_IMPLEMENTATIONS = YES;
				CLANG_WARN_DIRECT_OBJC_ISA_USAGE = YES_ERROR;
				CLANG_WARN_DOCUMENTATION_COMMENTS = YES;
				CLANG_WARN_EMPTY_BODY = YES;
				CLANG_WARN_ENUM_CONVERSION = YES;
				CLANG_WARN_INFINITE_RECURSION = YES;
				CLANG_WARN_INT_CONVERSION = YES;
				CLANG_WARN_NON_LITERAL_NULL_CONVERSION = YES;
				CLANG_WARN_OBJC_IMPLICIT_RETAIN_SELF = YES;
				CLANG_WARN_OBJC_LITERAL_CONVERSION = YES;
				CLANG_WARN_OBJC_ROOT_CLASS = YES_ERROR;
				CLANG_WARN_QUOTED_INCLUDE_IN_FRAMEWORK_HEADER = YES;
				CLANG_WARN_RANGE_LOOP_ANALYSIS = YES;
				CLANG_WARN_STRICT_PROTOTYPES = YES;
				CLANG_WARN_SUSPICIOUS_MOVE = YES;
				CLANG_WARN_UNGUARDED_AVAILABILITY = YES_AGGRESSIVE;
				CLANG_WARN_UNREACHABLE_CODE = YES;
				CLANG_WARN__DUPLICATE_METHOD_MATCH = YES;
				COPY_PHASE_STRIP = NO;
				DEBUG_INFORMATION_FORMAT = dwarf;
				ENABLE_STRICT_OBJC_MSGSEND = YES;
				ENABLE_TESTABILITY = YES;
				GCC_C_LANGUAGE_STANDARD = gnu11;
				GCC_DYNAMIC_NO_PIC = NO;
				GCC_NO_COMMON_BLOCKS = YES;
				GCC_OPTIMIZATION_LEVEL = 0;
				GCC_PREPROCESSOR_DEFINITIONS = (
					"DEBUG=1",
					"$(inherited)",
				);
				GCC_WARN_64_TO_32_BIT_CONVERSION = YES;
				GCC_WARN_ABOUT_RETURN_TYPE = YES_ERROR;
				GCC_WARN_UNDECLARED_SELECTOR = YES;
				GCC_WARN_UNINITIALIZED_AUTOS = YES_AGGRESSIVE;
				GCC_WARN_UNUSED_FUNCTION = YES;
				GCC_WARN_UNUSED_VARIABLE = YES;
				IPHONEOS_DEPLOYMENT_TARGET = 16.4;
				MTL_ENABLE_DEBUG_INFO = INCLUDE_SOURCE;
				MTL_FAST_MATH = YES;
				ONLY_ACTIVE_ARCH = YES;
				SDKROOT = iphoneos;
				SWIFT_ACTIVE_COMPILATION_CONDITIONS = DEBUG;
				SWIFT_OPTIMIZATION_LEVEL = "-Onone";
			};
			name = Debug;
		};
		A1EF9E7E2A02562100A56E4C /* Release */ = {
			isa = XCBuildConfiguration;
			buildSettings = {
				ALWAYS_SEARCH_USER_PATHS = NO;
				CLANG_ANALYZER_NONNULL = YES;
				CLANG_ANALYZER_NUMBER_OBJECT_CONVERSION = YES_AGGRESSIVE;
				CLANG_CXX_LANGUAGE_STANDARD = "gnu++20";
				CLANG_ENABLE_MODULES = YES;
				CLANG_ENABLE_OBJC_ARC = YES;
				CLANG_ENABLE_OBJC_WEAK = YES;
				CLANG_WARN_BLOCK_CAPTURE_AUTORELEASING = YES;
				CLANG_WARN_BOOL_CONVERSION = YES;
				CLANG_WARN_COMMA = YES;
				CLANG_WARN_CONSTANT_CONVERSION = YES;
				CLANG_WARN_DEPRECATED_OBJC_IMPLEMENTATIONS = YES;
				CLANG_WARN_DIRECT_OBJC_ISA_USAGE = YES_ERROR;
				CLANG_WARN_DOCUMENTATION_COMMENTS = YES;
				CLANG_WARN_EMPTY_BODY = YES;
				CLANG_WARN_ENUM_CONVERSION = YES;
				CLANG_WARN_INFINITE_RECURSION = YES;
				CLANG_WARN_INT_CONVERSION = YES;
				CLANG_WARN_NON_LITERAL_NULL_CONVERSION = YES;
				CLANG_WARN_OBJC_IMPLICIT_RETAIN_SELF = YES;
				CLANG_WARN_OBJC_LITERAL_CONVERSION = YES;
				CLANG_WARN_OBJC_ROOT_CLASS = YES_ERROR;
				CLANG_WARN_QUOTED_INCLUDE_IN_FRAMEWORK_HEADER = YES;
				CLANG_WARN_RANGE_LOOP_ANALYSIS = YES;
				CLANG_WARN_STRICT_PROTOTYPES = YES;
				CLANG_WARN_SUSPICIOUS_MOVE = YES;
				CLANG_WARN_UNGUARDED_AVAILABILITY = YES_AGGRESSIVE;
				CLANG_WARN_UNREACHABLE_CODE = YES;
				CLANG_WARN__DUPLICATE_METHOD_MATCH = YES;
				COPY_PHASE_STRIP = NO;
				DEBUG_INFORMATION_FORMAT = "dwarf-with-dsym";
				ENABLE_NS_ASSERTIONS = NO;
				ENABLE_STRICT_OBJC_MSGSEND = YES;
				GCC_C_LANGUAGE_STANDARD = gnu11;
				GCC_NO_COMMON_BLOCKS = YES;
				GCC_WARN_64_TO_32_BIT_CONVERSION = YES;
				GCC_WARN_ABOUT_RETURN_TYPE = YES_ERROR;
				GCC_WARN_UNDECLARED_SELECTOR = YES;
				GCC_WARN_UNINITIALIZED_AUTOS = YES_AGGRESSIVE;
				GCC_WARN_UNUSED_FUNCTION = YES;
				GCC_WARN_UNUSED_VARIABLE = YES;
				IPHONEOS_DEPLOYMENT_TARGET = 16.4;
				MTL_ENABLE_DEBUG_INFO = NO;
				MTL_FAST_MATH = YES;
				SDKROOT = iphoneos;
				SWIFT_COMPILATION_MODE = wholemodule;
				SWIFT_OPTIMIZATION_LEVEL = "-O";
				VALIDATE_PRODUCT = YES;
			};
			name = Release;
		};
		A1EF9E802A02562100A56E4C /* Debug */ = {
			isa = XCBuildConfiguration;
			buildSettings = {
				ASSETCATALOG_COMPILER_APPICON_NAME = AppIcon;
				ASSETCATALOG_COMPILER_GLOBAL_ACCENT_COLOR_NAME = AccentColor;
				CODE_SIGN_STYLE = Automatic;
				CURRENT_PROJECT_VERSION = 1;
				DEVELOPMENT_ASSET_PATHS = "\"MC2-LESSERAFIM/Preview Content\"";
				DEVELOPMENT_TEAM = F5LF3NUCU2;
				ENABLE_PREVIEWS = YES;
				GENERATE_INFOPLIST_FILE = YES;
				INFOPLIST_KEY_UIApplicationSceneManifest_Generation = YES;
				INFOPLIST_KEY_UIApplicationSupportsIndirectInputEvents = YES;
				INFOPLIST_KEY_UILaunchScreen_Generation = YES;
				INFOPLIST_KEY_UISupportedInterfaceOrientations_iPad = "UIInterfaceOrientationPortrait UIInterfaceOrientationPortraitUpsideDown UIInterfaceOrientationLandscapeLeft UIInterfaceOrientationLandscapeRight";
				INFOPLIST_KEY_UISupportedInterfaceOrientations_iPhone = "UIInterfaceOrientationPortrait UIInterfaceOrientationLandscapeLeft UIInterfaceOrientationLandscapeRight";
				LD_RUNPATH_SEARCH_PATHS = (
					"$(inherited)",
					"@executable_path/Frameworks",
				);
				MARKETING_VERSION = 1.0;
				PRODUCT_BUNDLE_IDENTIFIER = "For-download-file.MC2-LESSERAFIM-2";
				PRODUCT_NAME = "$(TARGET_NAME)";
				SWIFT_EMIT_LOC_STRINGS = YES;
				SWIFT_VERSION = 5.0;
				TARGETED_DEVICE_FAMILY = "1,2";
			};
			name = Debug;
		};
		A1EF9E812A02562100A56E4C /* Release */ = {
			isa = XCBuildConfiguration;
			buildSettings = {
				ASSETCATALOG_COMPILER_APPICON_NAME = AppIcon;
				ASSETCATALOG_COMPILER_GLOBAL_ACCENT_COLOR_NAME = AccentColor;
				CODE_SIGN_STYLE = Automatic;
				CURRENT_PROJECT_VERSION = 1;
				DEVELOPMENT_ASSET_PATHS = "\"MC2-LESSERAFIM/Preview Content\"";
				DEVELOPMENT_TEAM = F5LF3NUCU2;
				ENABLE_PREVIEWS = YES;
				GENERATE_INFOPLIST_FILE = YES;
				INFOPLIST_KEY_UIApplicationSceneManifest_Generation = YES;
				INFOPLIST_KEY_UIApplicationSupportsIndirectInputEvents = YES;
				INFOPLIST_KEY_UILaunchScreen_Generation = YES;
				INFOPLIST_KEY_UISupportedInterfaceOrientations_iPad = "UIInterfaceOrientationPortrait UIInterfaceOrientationPortraitUpsideDown UIInterfaceOrientationLandscapeLeft UIInterfaceOrientationLandscapeRight";
				INFOPLIST_KEY_UISupportedInterfaceOrientations_iPhone = "UIInterfaceOrientationPortrait UIInterfaceOrientationLandscapeLeft UIInterfaceOrientationLandscapeRight";
				LD_RUNPATH_SEARCH_PATHS = (
					"$(inherited)",
					"@executable_path/Frameworks",
				);
				MARKETING_VERSION = 1.0;
				PRODUCT_BUNDLE_IDENTIFIER = "For-download-file.MC2-LESSERAFIM-2";
				PRODUCT_NAME = "$(TARGET_NAME)";
				SWIFT_EMIT_LOC_STRINGS = YES;
				SWIFT_VERSION = 5.0;
				TARGETED_DEVICE_FAMILY = "1,2";
			};
			name = Release;
		};
		A1EF9E832A02562100A56E4C /* Debug */ = {
			isa = XCBuildConfiguration;
			buildSettings = {
				ALWAYS_EMBED_SWIFT_STANDARD_LIBRARIES = YES;
				BUNDLE_LOADER = "$(TEST_HOST)";
				CODE_SIGN_STYLE = Automatic;
				CURRENT_PROJECT_VERSION = 1;
				DEVELOPMENT_TEAM = F5LF3NUCU2;
				GENERATE_INFOPLIST_FILE = YES;
				IPHONEOS_DEPLOYMENT_TARGET = 16.4;
				MARKETING_VERSION = 1.0;
				PRODUCT_BUNDLE_IDENTIFIER = "For-download-file.MC2-LESSERAFIM-2Tests";
				PRODUCT_NAME = "$(TARGET_NAME)";
				SWIFT_EMIT_LOC_STRINGS = NO;
				SWIFT_VERSION = 5.0;
				TARGETED_DEVICE_FAMILY = "1,2";
				TEST_HOST = "$(BUILT_PRODUCTS_DIR)/MC2-LESSERAFIM.app/$(BUNDLE_EXECUTABLE_FOLDER_PATH)/MC2-LESSERAFIM";
			};
			name = Debug;
		};
		A1EF9E842A02562100A56E4C /* Release */ = {
			isa = XCBuildConfiguration;
			buildSettings = {
				ALWAYS_EMBED_SWIFT_STANDARD_LIBRARIES = YES;
				BUNDLE_LOADER = "$(TEST_HOST)";
				CODE_SIGN_STYLE = Automatic;
				CURRENT_PROJECT_VERSION = 1;
				DEVELOPMENT_TEAM = F5LF3NUCU2;
				GENERATE_INFOPLIST_FILE = YES;
				IPHONEOS_DEPLOYMENT_TARGET = 16.4;
				MARKETING_VERSION = 1.0;
				PRODUCT_BUNDLE_IDENTIFIER = "For-download-file.MC2-LESSERAFIM-2Tests";
				PRODUCT_NAME = "$(TARGET_NAME)";
				SWIFT_EMIT_LOC_STRINGS = NO;
				SWIFT_VERSION = 5.0;
				TARGETED_DEVICE_FAMILY = "1,2";
				TEST_HOST = "$(BUILT_PRODUCTS_DIR)/MC2-LESSERAFIM.app/$(BUNDLE_EXECUTABLE_FOLDER_PATH)/MC2-LESSERAFIM";
			};
			name = Release;
		};
		A1EF9E862A02562100A56E4C /* Debug */ = {
			isa = XCBuildConfiguration;
			buildSettings = {
				ALWAYS_EMBED_SWIFT_STANDARD_LIBRARIES = YES;
				CODE_SIGN_STYLE = Automatic;
				CURRENT_PROJECT_VERSION = 1;
				DEVELOPMENT_TEAM = F5LF3NUCU2;
				GENERATE_INFOPLIST_FILE = YES;
				MARKETING_VERSION = 1.0;
				PRODUCT_BUNDLE_IDENTIFIER = "For-download-file.MC2-LESSERAFIM-2UITests";
				PRODUCT_NAME = "$(TARGET_NAME)";
				SWIFT_EMIT_LOC_STRINGS = NO;
				SWIFT_VERSION = 5.0;
				TARGETED_DEVICE_FAMILY = "1,2";
				TEST_TARGET_NAME = "MC2-LESSERAFIM 2";
			};
			name = Debug;
		};
		A1EF9E872A02562100A56E4C /* Release */ = {
			isa = XCBuildConfiguration;
			buildSettings = {
				ALWAYS_EMBED_SWIFT_STANDARD_LIBRARIES = YES;
				CODE_SIGN_STYLE = Automatic;
				CURRENT_PROJECT_VERSION = 1;
				DEVELOPMENT_TEAM = F5LF3NUCU2;
				GENERATE_INFOPLIST_FILE = YES;
				MARKETING_VERSION = 1.0;
				PRODUCT_BUNDLE_IDENTIFIER = "For-download-file.MC2-LESSERAFIM-2UITests";
				PRODUCT_NAME = "$(TARGET_NAME)";
				SWIFT_EMIT_LOC_STRINGS = NO;
				SWIFT_VERSION = 5.0;
				TARGETED_DEVICE_FAMILY = "1,2";
				TEST_TARGET_NAME = "MC2-LESSERAFIM 2";
			};
			name = Release;
		};
/* End XCBuildConfiguration section */

/* Begin XCConfigurationList section */
		A1EF9E562A02562000A56E4C /* Build configuration list for PBXProject "MC2-LESSERAFIM" */ = {
			isa = XCConfigurationList;
			buildConfigurations = (
				A1EF9E7D2A02562100A56E4C /* Debug */,
				A1EF9E7E2A02562100A56E4C /* Release */,
			);
			defaultConfigurationIsVisible = 0;
			defaultConfigurationName = Release;
		};
		A1EF9E7F2A02562100A56E4C /* Build configuration list for PBXNativeTarget "MC2-LESSERAFIM" */ = {
			isa = XCConfigurationList;
			buildConfigurations = (
				A1EF9E802A02562100A56E4C /* Debug */,
				A1EF9E812A02562100A56E4C /* Release */,
			);
			defaultConfigurationIsVisible = 0;
			defaultConfigurationName = Release;
		};
		A1EF9E822A02562100A56E4C /* Build configuration list for PBXNativeTarget "MC2-LESSERAFIMTests" */ = {
			isa = XCConfigurationList;
			buildConfigurations = (
				A1EF9E832A02562100A56E4C /* Debug */,
				A1EF9E842A02562100A56E4C /* Release */,
			);
			defaultConfigurationIsVisible = 0;
			defaultConfigurationName = Release;
		};
		A1EF9E852A02562100A56E4C /* Build configuration list for PBXNativeTarget "MC2-LESSERAFIMUITests" */ = {
			isa = XCConfigurationList;
			buildConfigurations = (
				A1EF9E862A02562100A56E4C /* Debug */,
				A1EF9E872A02562100A56E4C /* Release */,
			);
			defaultConfigurationIsVisible = 0;
			defaultConfigurationName = Release;
		};
/* End XCConfigurationList section */
	};
	rootObject = A1EF9E532A02562000A56E4C /* Project object */;
}
